<?xml version="1.0" encoding="utf-8"?>
<Project ToolsVersion="4.0" xmlns="http://schemas.microsoft.com/developer/msbuild/2003">
  <ItemGroup>
    <Filter Include="Source Files">
      <UniqueIdentifier>{4FC737F1-C7A5-4376-A066-2A32D752A2FF}</UniqueIdentifier>
      <Extensions>cpp;c;cc;cxx;c++;cppm;ixx;def;odl;idl;hpj;bat;asm;asmx</Extensions>
    </Filter>
    <Filter Include="Header Files">
      <UniqueIdentifier>{93995380-89BD-4b04-88EB-625FBE52EBFB}</UniqueIdentifier>
      <Extensions>h;hh;hpp;hxx;h++;hm;inl;inc;ipp;xsd</Extensions>
    </Filter>
    <Filter Include="Resource Files">
      <UniqueIdentifier>{67DA6AB6-F800-4c08-8B7A-83BB121AAD01}</UniqueIdentifier>
      <Extensions>rc;ico;cur;bmp;dlg;rc2;rct;bin;rgs;gif;jpg;jpeg;jpe;resx;tiff;tif;png;wav;mfcribbon-ms</Extensions>
    </Filter>
    <Filter Include="Header Files\Header">
      <UniqueIdentifier>{85df03a6-109e-4d1d-8acf-d1fae9a89b8c}</UniqueIdentifier>
    </Filter>
    <Filter Include="Header Files\Interface">
      <UniqueIdentifier>{c3be2c80-4a9b-45bd-b55c-7d6438273d4f}</UniqueIdentifier>
    </Filter>
    <Filter Include="Source Files\Scource">
      <UniqueIdentifier>{468aff9a-fefb-4c05-90ec-03e9a0566b5b}</UniqueIdentifier>
    </Filter>
  </ItemGroup>
  <ItemGroup>
    <ClCompile Include="MoveablePlayer.cpp">
      <Filter>Source Files\Scource</Filter>
    </ClCompile>
    <ClCompile Include="mainGame.cpp">
      <Filter>Source Files\Scource</Filter>
    </ClCompile>
    <ClCompile Include="Math.cpp">
      <Filter>Source Files\Scource</Filter>
    </ClCompile>
    <ClCompile Include="MouseDropper.cpp">
      <Filter>Source Files\Scource</Filter>
    </ClCompile>
    <ClCompile Include="RenderWindow.cpp">
      <Filter>Source Files\Scource</Filter>
    </ClCompile>
    <ClCompile Include="Lava.cpp">
      <Filter>Source Files\Scource</Filter>
    </ClCompile>
  </ItemGroup>
  <ItemGroup>
    <ClInclude Include="MoveablePlayer.h">
      <Filter>Header Files\Header</Filter>
    </ClInclude>
    <ClInclude Include="Math.h">
      <Filter>Header Files\Header</Filter>
    </ClInclude>
    <ClInclude Include="MouseDropper.h">
      <Filter>Header Files\Header</Filter>
    </ClInclude>
    <ClInclude Include="RenderWindow.h">
      <Filter>Header Files\Header</Filter>
    </ClInclude>
    <ClInclude Include="Utills.h">
      <Filter>Header Files\Header</Filter>
    </ClInclude>
    <ClInclude Include="Character.h">
      <Filter>Header Files</Filter>
    </ClInclude>
    <ClInclude Include="Lava.hpp">
      <Filter>Header Files\Header</Filter>
    </ClInclude>
  </ItemGroup>
</Project>